# mere.lock — generated by `mere install`; do not edit.

[[package]]
name = "csv"
git = "https://github.com/merelang/mere"
subdir = "contrib/csv"
rev = "0daf7a34801b714c97a96e87a603a4dd615bf24b"
hash = "md5:bb7d26a17507beab45eb2ebe9620d912"

[[package]]
name = "json"
git = "https://github.com/merelang/mere"
subdir = "contrib/json"
rev = "0daf7a34801b714c97a96e87a603a4dd615bf24b"
hash = "md5:7307ea0841f7d6ddb3c1f51d6e803730"
